PODS:
  - SAMKeychain (1.5.2)
  - SHWAnalyticsSDK (1.1.2):
    - SAMKeychain (= 1.5.2)
    - UTDID (= 1.0.0)
  - SHWNLSClient (1.0.4):
    - SHWAnalyticsSDK (~> 1.1)
    - SHWOpus (~> 0.3)
  - SHWOpus (0.3.0)
  - UTDID (1.0.0)

DEPENDENCIES:
  - SHWNLSClient (from `../`)

EXTERNAL SOURCES:
  SHWNLSClient:
    :path: ../

SPEC CHECKSUMS:
  SAMKeychain: 1865333198217411f35327e8da61b43de79b635b
  SHWAnalyticsSDK: 6faf9d104e8cbe03c54bbee2fb2ca8c4fef6bc6f
  SHWNLSClient: 3bdb991034b346a208236298c10c7fcc617e1030
  SHWOpus: a533b17a1ffe1551c1887a993750b152f51db6c3
  UTDID: 05c4737c8cf5c210e86d0235570816ed00e023e8

PODFILE CHECKSUM: 13840564391256a84b0d3e17cc2819490d379fb8

COCOAPODS: 1.2.1
